
Microsoft Visual Studio Solution File, Format Version 12.00
# Visual Studio Version 17
VisualStudioVersion = 17.12.35707.178
MinimumVisualStudioVersion = 10.0.40219.1
Project("{FAE04EC0-301F-11D3-BF4B-00C04F79EFBC}") = "Microservice.UpdateProtocolStatus", "Microservice.UpdateProtocolStatus.csproj", "{BE7B3D52-FAFE-4FF6-8E71-5C39C4AF23CD}"
EndProject
Global
	GlobalSection(SolutionConfigurationPlatforms) = preSolution
		Debug|Any CPU = Debug|Any CPU
		Release|Any CPU = Release|Any CPU
	EndGlobalSection
	GlobalSection(ProjectConfigurationPlatforms) = postSolution
		{BE7B3D52-FAFE-4FF6-8E71-5C39C4AF23CD}.Debug|Any CPU.ActiveCfg = Debug|Any CPU
		{BE7B3D52-FAFE-4FF6-8E71-5C39C4AF23CD}.Debug|Any CPU.Build.0 = Debug|Any CPU
		{BE7B3D52-FAFE-4FF6-8E71-5C39C4AF23CD}.Release|Any CPU.ActiveCfg = Release|Any CPU
		{BE7B3D52-FAFE-4FF6-8E71-5C39C4AF23CD}.Release|Any CPU.Build.0 = Release|Any CPU
	EndGlobalSection
	GlobalSection(SolutionProperties) = preSolution
		HideSolutionNode = FALSE
	EndGlobalSection
EndGlobal
